
Microsoft Visual Studio Solution File, Format Version 12.00
# Visual Studio 15
VisualStudioVersion = 15.0.27703.2018
MinimumVisualStudioVersion = 10.0.40219.1
Project("{8BC9CEB8-8B4A-11D0-8D11-00A0C91BC942}") = "DataIO", "DataIO\DataIO.vcxproj", "{760F2BB9-E2E3-45A3-888F-913D040E98CB}"
EndProject
Global
	GlobalSection(SolutionConfigurationPlatforms) = preSolution
		Debug|x64 = Debug|x64
		Debug|x86 = Debug|x86
		Release|x64 = Release|x64
		Release|x86 = Release|x86
	EndGlobalSection
	GlobalSection(ProjectConfigurationPlatforms) = postSolution
		{760F2BB9-E2E3-45A3-888F-913D040E98CB}.Debug|x64.ActiveCfg = Debug|x64
		{760F2BB9-E2E3-45A3-888F-913D040E98CB}.Debug|x64.Build.0 = Debug|x64
		{760F2BB9-E2E3-45A3-888F-913D040E98CB}.Debug|x86.ActiveCfg = Debug|Win32
		{760F2BB9-E2E3-45A3-888F-913D040E98CB}.Debug|x86.Build.0 = Debug|Win32
		{760F2BB9-E2E3-45A3-888F-913D040E98CB}.Release|x64.ActiveCfg = Release|x64
		{760F2BB9-E2E3-45A3-888F-913D040E98CB}.Release|x64.Build.0 = Release|x64
		{760F2BB9-E2E3-45A3-888F-913D040E98CB}.Release|x86.ActiveCfg = Release|Win32
		{760F2BB9-E2E3-45A3-888F-913D040E98CB}.Release|x86.Build.0 = Release|Win32
	EndGlobalSection
	GlobalSection(SolutionProperties) = preSolution
		HideSolutionNode = FALSE
	EndGlobalSection
	GlobalSection(ExtensibilityGlobals) = postSolution
		SolutionGuid = {CB64A05E-A86B-4735-A8EB-2AFD12A7807E}
	EndGlobalSection
EndGlobal
